
Microsoft Visual Studio Solution File, Format Version 12.00
# Visual Studio Version 17
VisualStudioVersion = 17.2.32630.192
MinimumVisualStudioVersion = 10.0.40219.1
Project("{FAE04EC0-301F-11D3-BF4B-00C04F79EFBC}") = "Číselné soustavy a algoritmy nad prvočísly", "Číselné soustavy a algoritmy nad prvočísly\Číselné soustavy a algoritmy nad prvočísly.csproj", "{0FA23038-1D47-42EF-8BAE-E6531319FAA3}"
EndProject
Project("{FAE04EC0-301F-11D3-BF4B-00C04F79EFBC}") = "01", "01\01.csproj", "{55097F99-CC81-420A-8805-B5D442B49F95}"
EndProject
Project("{FAE04EC0-301F-11D3-BF4B-00C04F79EFBC}") = "02", "02\02.csproj", "{94470F64-BBF5-46F1-AEE5-D24B56381C2B}"
EndProject
Project("{FAE04EC0-301F-11D3-BF4B-00C04F79EFBC}") = "03", "03\03.csproj", "{FB496E07-0993-485E-BECE-9D6737CE1734}"
EndProject
Project("{FAE04EC0-301F-11D3-BF4B-00C04F79EFBC}") = "04", "04\04.csproj", "{2BA9BD92-71E1-48D6-8FE7-EF9B706FA091}"
EndProject
Project("{FAE04EC0-301F-11D3-BF4B-00C04F79EFBC}") = "05", "05\05.csproj", "{A0FD539D-2CA1-45E3-B7F6-A37C569459B2}"
EndProject
Project("{FAE04EC0-301F-11D3-BF4B-00C04F79EFBC}") = "06", "06\06.csproj", "{131158CB-4BC9-43E1-BB57-C49955E8201D}"
EndProject
Project("{FAE04EC0-301F-11D3-BF4B-00C04F79EFBC}") = "07", "07\07.csproj", "{55615F7A-7EC2-4899-B894-223DC11CC3D3}"
EndProject
Global
	GlobalSection(SolutionConfigurationPlatforms) = preSolution
		Debug|Any CPU = Debug|Any CPU
		Release|Any CPU = Release|Any CPU
	EndGlobalSection
	GlobalSection(ProjectConfigurationPlatforms) = postSolution
		{0FA23038-1D47-42EF-8BAE-E6531319FAA3}.Debug|Any CPU.ActiveCfg = Debug|Any CPU
		{0FA23038-1D47-42EF-8BAE-E6531319FAA3}.Debug|Any CPU.Build.0 = Debug|Any CPU
		{0FA23038-1D47-42EF-8BAE-E6531319FAA3}.Release|Any CPU.ActiveCfg = Release|Any CPU
		{0FA23038-1D47-42EF-8BAE-E6531319FAA3}.Release|Any CPU.Build.0 = Release|Any CPU
		{55097F99-CC81-420A-8805-B5D442B49F95}.Debug|Any CPU.ActiveCfg = Debug|Any CPU
		{55097F99-CC81-420A-8805-B5D442B49F95}.Debug|Any CPU.Build.0 = Debug|Any CPU
		{55097F99-CC81-420A-8805-B5D442B49F95}.Release|Any CPU.ActiveCfg = Release|Any CPU
		{55097F99-CC81-420A-8805-B5D442B49F95}.Release|Any CPU.Build.0 = Release|Any CPU
		{94470F64-BBF5-46F1-AEE5-D24B56381C2B}.Debug|Any CPU.ActiveCfg = Debug|Any CPU
		{94470F64-BBF5-46F1-AEE5-D24B56381C2B}.Debug|Any CPU.Build.0 = Debug|Any CPU
		{94470F64-BBF5-46F1-AEE5-D24B56381C2B}.Release|Any CPU.ActiveCfg = Release|Any CPU
		{94470F64-BBF5-46F1-AEE5-D24B56381C2B}.Release|Any CPU.Build.0 = Release|Any CPU
		{FB496E07-0993-485E-BECE-9D6737CE1734}.Debug|Any CPU.ActiveCfg = Debug|Any CPU
		{FB496E07-0993-485E-BECE-9D6737CE1734}.Debug|Any CPU.Build.0 = Debug|Any CPU
		{FB496E07-0993-485E-BECE-9D6737CE1734}.Release|Any CPU.ActiveCfg = Release|Any CPU
		{FB496E07-0993-485E-BECE-9D6737CE1734}.Release|Any CPU.Build.0 = Release|Any CPU
		{2BA9BD92-71E1-48D6-8FE7-EF9B706FA091}.Debug|Any CPU.ActiveCfg = Debug|Any CPU
		{2BA9BD92-71E1-48D6-8FE7-EF9B706FA091}.Debug|Any CPU.Build.0 = Debug|Any CPU
		{2BA9BD92-71E1-48D6-8FE7-EF9B706FA091}.Release|Any CPU.ActiveCfg = Release|Any CPU
		{2BA9BD92-71E1-48D6-8FE7-EF9B706FA091}.Release|Any CPU.Build.0 = Release|Any CPU
		{A0FD539D-2CA1-45E3-B7F6-A37C569459B2}.Debug|Any CPU.ActiveCfg = Debug|Any CPU
		{A0FD539D-2CA1-45E3-B7F6-A37C569459B2}.Debug|Any CPU.Build.0 = Debug|Any CPU
		{A0FD539D-2CA1-45E3-B7F6-A37C569459B2}.Release|Any CPU.ActiveCfg = Release|Any CPU
		{A0FD539D-2CA1-45E3-B7F6-A37C569459B2}.Release|Any CPU.Build.0 = Release|Any CPU
		{131158CB-4BC9-43E1-BB57-C49955E8201D}.Debug|Any CPU.ActiveCfg = Debug|Any CPU
		{131158CB-4BC9-43E1-BB57-C49955E8201D}.Debug|Any CPU.Build.0 = Debug|Any CPU
		{131158CB-4BC9-43E1-BB57-C49955E8201D}.Release|Any CPU.ActiveCfg = Release|Any CPU
		{131158CB-4BC9-43E1-BB57-C49955E8201D}.Release|Any CPU.Build.0 = Release|Any CPU
		{55615F7A-7EC2-4899-B894-223DC11CC3D3}.Debug|Any CPU.ActiveCfg = Debug|Any CPU
		{55615F7A-7EC2-4899-B894-223DC11CC3D3}.Debug|Any CPU.Build.0 = Debug|Any CPU
		{55615F7A-7EC2-4899-B894-223DC11CC3D3}.Release|Any CPU.ActiveCfg = Release|Any CPU
		{55615F7A-7EC2-4899-B894-223DC11CC3D3}.Release|Any CPU.Build.0 = Release|Any CPU
	EndGlobalSection
	GlobalSection(SolutionProperties) = preSolution
		HideSolutionNode = FALSE
	EndGlobalSection
	GlobalSection(ExtensibilityGlobals) = postSolution
		SolutionGuid = {140E6A38-14DE-4CF5-9F17-A658E2BEC596}
	EndGlobalSection
EndGlobal
